// !$*UTF8*$!
{
	archiveVersion = 1;
	classes = {
	};
	objectVersion = 56;
	objects = {

/* Begin PBXBuildFile section */
		14064471292E4C37003346F3 /* MovieApp.swift in Sources */ = {isa = PBXBuildFile; fileRef = 14064470292E4C37003346F3 /* MovieApp.swift */; };
		14064475292E4C3A003346F3 /* Assets.xcassets in Resources */ = {isa = PBXBuildFile; fileRef = 14064474292E4C3A003346F3 /* Assets.xcassets */; };
		14064478292E4C3A003346F3 /* Preview Assets.xcassets in Resources */ = {isa = PBXBuildFile; fileRef = 14064477292E4C3A003346F3 /* Preview Assets.xcassets */; };
		14064482292E4C3A003346F3 /* MovieTests.swift in Sources */ = {isa = PBXBuildFile; fileRef = 14064481292E4C3A003346F3 /* MovieTests.swift */; };
		1406449C292F127E003346F3 /* TMDb in Frameworks */ = {isa = PBXBuildFile; productRef = 1406449B292F127E003346F3 /* TMDb */; };
		1406449F292F143E003346F3 /* MediaStore.swift in Sources */ = {isa = PBXBuildFile; fileRef = 1406449E292F143E003346F3 /* MediaStore.swift */; };
		140644A4292F19F5003346F3 /* StartingView.swift in Sources */ = {isa = PBXBuildFile; fileRef = 140644A3292F19F5003346F3 /* StartingView.swift */; };
		140644A6292F1A04003346F3 /* StartingView+ViewModel.swift in Sources */ = {isa = PBXBuildFile; fileRef = 140644A5292F1A04003346F3 /* StartingView+ViewModel.swift */; };
		140644AA292F1BCE003346F3 /* FavoritesView.swift in Sources */ = {isa = PBXBuildFile; fileRef = 140644A9292F1BCE003346F3 /* FavoritesView.swift */; };
		140644AC292F1BDA003346F3 /* DiscoverView.swift in Sources */ = {isa = PBXBuildFile; fileRef = 140644AB292F1BDA003346F3 /* DiscoverView.swift */; };
		140644AF292F2D12003346F3 /* MediaDetailView.swift in Sources */ = {isa = PBXBuildFile; fileRef = 140644AE292F2D12003346F3 /* MediaDetailView.swift */; };
		140644B2292F338A003346F3 /* ErrorView.swift in Sources */ = {isa = PBXBuildFile; fileRef = 140644B1292F338A003346F3 /* ErrorView.swift */; };
		141BE6092930FC74000144AC /* OfflineIndicator.swift in Sources */ = {isa = PBXBuildFile; fileRef = 141BE6082930FC74000144AC /* OfflineIndicator.swift */; };
		141BE60B2930FE60000144AC /* FavoriteMediaStore.swift in Sources */ = {isa = PBXBuildFile; fileRef = 141BE60A2930FE60000144AC /* FavoriteMediaStore.swift */; };
		141BE60D29326672000144AC /* FavoriteRow.swift in Sources */ = {isa = PBXBuildFile; fileRef = 141BE60C29326672000144AC /* FavoriteRow.swift */; };
		141BE6102932C9AE000144AC /* NavigationStackCoordinator.swift in Sources */ = {isa = PBXBuildFile; fileRef = 141BE60F2932C9AE000144AC /* NavigationStackCoordinator.swift */; };
		141BE6122932EC2D000144AC /* TMDBImageResolutionService.swift in Sources */ = {isa = PBXBuildFile; fileRef = 141BE6112932EC2D000144AC /* TMDBImageResolutionService.swift */; };
		141BE6172933050B000144AC /* MediaDetailView+ViewModel.swift in Sources */ = {isa = PBXBuildFile; fileRef = 141BE6162933050B000144AC /* MediaDetailView+ViewModel.swift */; };
		14898B5B292F5CBC00018A5E /* Localization.swift in Sources */ = {isa = PBXBuildFile; fileRef = 14898B5A292F5CBC00018A5E /* Localization.swift */; };
		14898B5F292F623A00018A5E /* Localizable.strings in Resources */ = {isa = PBXBuildFile; fileRef = 14898B61292F623A00018A5E /* Localizable.strings */; };
		14898B65292F755C00018A5E /* HorizontalCarousel.swift in Sources */ = {isa = PBXBuildFile; fileRef = 14898B64292F755C00018A5E /* HorizontalCarousel.swift */; };
		14898B67292F756C00018A5E /* CarouselCard.swift in Sources */ = {isa = PBXBuildFile; fileRef = 14898B66292F756C00018A5E /* CarouselCard.swift */; };
		14898B6F292F840D00018A5E /* AppFlavor.swift in Sources */ = {isa = PBXBuildFile; fileRef = 14898B6E292F840D00018A5E /* AppFlavor.swift */; };
		14898B712930637F00018A5E /* Media.swift in Sources */ = {isa = PBXBuildFile; fileRef = 14898B702930637F00018A5E /* Media.swift */; };
		14898B74293074DC00018A5E /* Sequence+AsycMap.swift in Sources */ = {isa = PBXBuildFile; fileRef = 14898B73293074DC00018A5E /* Sequence+AsycMap.swift */; };
		14898B76293078D400018A5E /* URL+Mocks.swift in Sources */ = {isa = PBXBuildFile; fileRef = 14898B75293078D400018A5E /* URL+Mocks.swift */; };
		14898B78293079C600018A5E /* DiscoverSection.swift in Sources */ = {isa = PBXBuildFile; fileRef = 14898B77293079C600018A5E /* DiscoverSection.swift */; };
		14E0692329341E8800CBF5E5 /* CircularIndicator.swift in Sources */ = {isa = PBXBuildFile; fileRef = 14E0692229341E8800CBF5E5 /* CircularIndicator.swift */; };
		14E069252934AA7000CBF5E5 /* ImageStore.swift in Sources */ = {isa = PBXBuildFile; fileRef = 14E069242934AA7000CBF5E5 /* ImageStore.swift */; };
		14E069272934BBCF00CBF5E5 /* ImageSourcedImageView.swift in Sources */ = {isa = PBXBuildFile; fileRef = 14E069262934BBCF00CBF5E5 /* ImageSourcedImageView.swift */; };
		14E069292934C3D200CBF5E5 /* ImageFetchingService.swift in Sources */ = {isa = PBXBuildFile; fileRef = 14E069282934C3D200CBF5E5 /* ImageFetchingService.swift */; };
		14E0692C2934F86400CBF5E5 /* TMDBDiscoverMovieDetailService.swift in Sources */ = {isa = PBXBuildFile; fileRef = 14E0692B2934F86400CBF5E5 /* TMDBDiscoverMovieDetailService.swift */; };
		14E0692E2934F91900CBF5E5 /* TMDBConfiguration.swift in Sources */ = {isa = PBXBuildFile; fileRef = 14E0692D2934F91900CBF5E5 /* TMDBConfiguration.swift */; };
		14E0693029350D5600CBF5E5 /* FileStorageService.swift in Sources */ = {isa = PBXBuildFile; fileRef = 14E0692F29350D5600CBF5E5 /* FileStorageService.swift */; };
		14E069322935704500CBF5E5 /* PlainCarousel.swift in Sources */ = {isa = PBXBuildFile; fileRef = 14E069312935704500CBF5E5 /* PlainCarousel.swift */; };
		14E069352935913F00CBF5E5 /* TMDBDiscoverNowPlayingMovieService.swift in Sources */ = {isa = PBXBuildFile; fileRef = 14E069342935913F00CBF5E5 /* TMDBDiscoverNowPlayingMovieService.swift */; };
		14E069372935915D00CBF5E5 /* TMDBDiscoverPopularMovieService.swift in Sources */ = {isa = PBXBuildFile; fileRef = 14E069362935915D00CBF5E5 /* TMDBDiscoverPopularMovieService.swift */; };
		14E06939293591AC00CBF5E5 /* TMDBDMediaAdaptor.swift in Sources */ = {isa = PBXBuildFile; fileRef = 14E06938293591AC00CBF5E5 /* TMDBDMediaAdaptor.swift */; };
		14E0693B293591F300CBF5E5 /* MovieServiceProtocol.swift in Sources */ = {isa = PBXBuildFile; fileRef = 14E0693A293591F300CBF5E5 /* MovieServiceProtocol.swift */; };
		14E0693D293592D700CBF5E5 /* MovieCategoryMediaStore.swift in Sources */ = {isa = PBXBuildFile; fileRef = 14E0693C293592D700CBF5E5 /* MovieCategoryMediaStore.swift */; };
		14E0693F293592FE00CBF5E5 /* PagedResult.swift in Sources */ = {isa = PBXBuildFile; fileRef = 14E0693E293592FE00CBF5E5 /* PagedResult.swift */; };
		14E069412935F0CF00CBF5E5 /* PlainCarousel+ViewModel.swift in Sources */ = {isa = PBXBuildFile; fileRef = 14E069402935F0CF00CBF5E5 /* PlainCarousel+ViewModel.swift */; };
/* End PBXBuildFile section */

/* Begin PBXContainerItemProxy section */
		1406447E292E4C3A003346F3 /* PBXContainerItemProxy */ = {
			isa = PBXContainerItemProxy;
			containerPortal = 14064465292E4C37003346F3 /* Project object */;
			proxyType = 1;
			remoteGlobalIDString = 1406446C292E4C37003346F3;
			remoteInfo = Movie;
		};
/* End PBXContainerItemProxy section */

/* Begin PBXFileReference section */
		1406446D292E4C37003346F3 /* Movie.app */ = {isa = PBXFileReference; explicitFileType = wrapper.application; includeInIndex = 0; path = Movie.app; sourceTree = BUILT_PRODUCTS_DIR; };
		14064470292E4C37003346F3 /* MovieApp.swift */ = {isa = PBXFileReference; lastKnownFileType = sourcecode.swift; path = MovieApp.swift; sourceTree = "<group>"; };
		14064474292E4C3A003346F3 /* Assets.xcassets */ = {isa = PBXFileReference; lastKnownFileType = folder.assetcatalog; path = Assets.xcassets; sourceTree = "<group>"; };
		14064477292E4C3A003346F3 /* Preview Assets.xcassets */ = {isa = PBXFileReference; lastKnownFileType = folder.assetcatalog; path = "Preview Assets.xcassets"; sourceTree = "<group>"; };
		1406447D292E4C3A003346F3 /* MovieTests.xctest */ = {isa = PBXFileReference; explicitFileType = wrapper.cfbundle; includeInIndex = 0; path = MovieTests.xctest; sourceTree = BUILT_PRODUCTS_DIR; };
		14064481292E4C3A003346F3 /* MovieTests.swift */ = {isa = PBXFileReference; lastKnownFileType = sourcecode.swift; path = MovieTests.swift; sourceTree = "<group>"; };
		1406449E292F143E003346F3 /* MediaStore.swift */ = {isa = PBXFileReference; lastKnownFileType = sourcecode.swift; path = MediaStore.swift; sourceTree = "<group>"; };
		140644A3292F19F5003346F3 /* StartingView.swift */ = {isa = PBXFileReference; lastKnownFileType = sourcecode.swift; path = StartingView.swift; sourceTree = "<group>"; };
		140644A5292F1A04003346F3 /* StartingView+ViewModel.swift */ = {isa = PBXFileReference; lastKnownFileType = sourcecode.swift; path = "StartingView+ViewModel.swift"; sourceTree = "<group>"; };
		140644A9292F1BCE003346F3 /* FavoritesView.swift */ = {isa = PBXFileReference; lastKnownFileType = sourcecode.swift; path = FavoritesView.swift; sourceTree = "<group>"; };
		140644AB292F1BDA003346F3 /* DiscoverView.swift */ = {isa = PBXFileReference; lastKnownFileType = sourcecode.swift; path = DiscoverView.swift; sourceTree = "<group>"; };
		140644AE292F2D12003346F3 /* MediaDetailView.swift */ = {isa = PBXFileReference; lastKnownFileType = sourcecode.swift; path = MediaDetailView.swift; sourceTree = "<group>"; };
		140644B1292F338A003346F3 /* ErrorView.swift */ = {isa = PBXFileReference; lastKnownFileType = sourcecode.swift; path = ErrorView.swift; sourceTree = "<group>"; };
		141BE6082930FC74000144AC /* OfflineIndicator.swift */ = {isa = PBXFileReference; lastKnownFileType = sourcecode.swift; path = OfflineIndicator.swift; sourceTree = "<group>"; };
		141BE60A2930FE60000144AC /* FavoriteMediaStore.swift */ = {isa = PBXFileReference; lastKnownFileType = sourcecode.swift; path = FavoriteMediaStore.swift; sourceTree = "<group>"; };
		141BE60C29326672000144AC /* FavoriteRow.swift */ = {isa = PBXFileReference; lastKnownFileType = sourcecode.swift; path = FavoriteRow.swift; sourceTree = "<group>"; };
		141BE60F2932C9AE000144AC /* NavigationStackCoordinator.swift */ = {isa = PBXFileReference; lastKnownFileType = sourcecode.swift; path = NavigationStackCoordinator.swift; sourceTree = "<group>"; };
		141BE6112932EC2D000144AC /* TMDBImageResolutionService.swift */ = {isa = PBXFileReference; lastKnownFileType = sourcecode.swift; path = TMDBImageResolutionService.swift; sourceTree = "<group>"; };
		141BE6162933050B000144AC /* MediaDetailView+ViewModel.swift */ = {isa = PBXFileReference; lastKnownFileType = sourcecode.swift; path = "MediaDetailView+ViewModel.swift"; sourceTree = "<group>"; };
		14898B5A292F5CBC00018A5E /* Localization.swift */ = {isa = PBXFileReference; lastKnownFileType = sourcecode.swift; path = Localization.swift; sourceTree = "<group>"; };
		14898B60292F623A00018A5E /* en */ = {isa = PBXFileReference; lastKnownFileType = text.plist.strings; name = en; path = en.lproj/Localizable.strings; sourceTree = "<group>"; };
		14898B62292F624800018A5E /* nl */ = {isa = PBXFileReference; lastKnownFileType = text.plist.strings; name = nl; path = nl.lproj/Localizable.strings; sourceTree = "<group>"; };
		14898B64292F755C00018A5E /* HorizontalCarousel.swift */ = {isa = PBXFileReference; lastKnownFileType = sourcecode.swift; path = HorizontalCarousel.swift; sourceTree = "<group>"; };
		14898B66292F756C00018A5E /* CarouselCard.swift */ = {isa = PBXFileReference; lastKnownFileType = sourcecode.swift; path = CarouselCard.swift; sourceTree = "<group>"; };
		14898B6E292F840D00018A5E /* AppFlavor.swift */ = {isa = PBXFileReference; lastKnownFileType = sourcecode.swift; path = AppFlavor.swift; sourceTree = "<group>"; };
		14898B702930637F00018A5E /* Media.swift */ = {isa = PBXFileReference; lastKnownFileType = sourcecode.swift; path = Media.swift; sourceTree = "<group>"; };
		14898B73293074DC00018A5E /* Sequence+AsycMap.swift */ = {isa = PBXFileReference; lastKnownFileType = sourcecode.swift; path = "Sequence+AsycMap.swift"; sourceTree = "<group>"; };
		14898B75293078D400018A5E /* URL+Mocks.swift */ = {isa = PBXFileReference; lastKnownFileType = sourcecode.swift; path = "URL+Mocks.swift"; sourceTree = "<group>"; };
		14898B77293079C600018A5E /* DiscoverSection.swift */ = {isa = PBXFileReference; lastKnownFileType = sourcecode.swift; path = DiscoverSection.swift; sourceTree = "<group>"; };
		14E0692229341E8800CBF5E5 /* CircularIndicator.swift */ = {isa = PBXFileReference; lastKnownFileType = sourcecode.swift; path = CircularIndicator.swift; sourceTree = "<group>"; };
		14E069242934AA7000CBF5E5 /* ImageStore.swift */ = {isa = PBXFileReference; lastKnownFileType = sourcecode.swift; path = ImageStore.swift; sourceTree = "<group>"; };
		14E069262934BBCF00CBF5E5 /* ImageSourcedImageView.swift */ = {isa = PBXFileReference; lastKnownFileType = sourcecode.swift; path = ImageSourcedImageView.swift; sourceTree = "<group>"; };
		14E069282934C3D200CBF5E5 /* ImageFetchingService.swift */ = {isa = PBXFileReference; lastKnownFileType = sourcecode.swift; path = ImageFetchingService.swift; sourceTree = "<group>"; };
		14E0692B2934F86400CBF5E5 /* TMDBDiscoverMovieDetailService.swift */ = {isa = PBXFileReference; lastKnownFileType = sourcecode.swift; path = TMDBDiscoverMovieDetailService.swift; sourceTree = "<group>"; };
		14E0692D2934F91900CBF5E5 /* TMDBConfiguration.swift */ = {isa = PBXFileReference; lastKnownFileType = sourcecode.swift; path = TMDBConfiguration.swift; sourceTree = "<group>"; };
		14E0692F29350D5600CBF5E5 /* FileStorageService.swift */ = {isa = PBXFileReference; lastKnownFileType = sourcecode.swift; path = FileStorageService.swift; sourceTree = "<group>"; };
		14E069312935704500CBF5E5 /* PlainCarousel.swift */ = {isa = PBXFileReference; lastKnownFileType = sourcecode.swift; path = PlainCarousel.swift; sourceTree = "<group>"; };
		14E069342935913F00CBF5E5 /* TMDBDiscoverNowPlayingMovieService.swift */ = {isa = PBXFileReference; lastKnownFileType = sourcecode.swift; path = TMDBDiscoverNowPlayingMovieService.swift; sourceTree = "<group>"; };
		14E069362935915D00CBF5E5 /* TMDBDiscoverPopularMovieService.swift */ = {isa = PBXFileReference; lastKnownFileType = sourcecode.swift; path = TMDBDiscoverPopularMovieService.swift; sourceTree = "<group>"; };
		14E06938293591AC00CBF5E5 /* TMDBDMediaAdaptor.swift */ = {isa = PBXFileReference; lastKnownFileType = sourcecode.swift; path = TMDBDMediaAdaptor.swift; sourceTree = "<group>"; };
		14E0693A293591F300CBF5E5 /* MovieServiceProtocol.swift */ = {isa = PBXFileReference; lastKnownFileType = sourcecode.swift; path = MovieServiceProtocol.swift; sourceTree = "<group>"; };
		14E0693C293592D700CBF5E5 /* MovieCategoryMediaStore.swift */ = {isa = PBXFileReference; lastKnownFileType = sourcecode.swift; path = MovieCategoryMediaStore.swift; sourceTree = "<group>"; };
		14E0693E293592FE00CBF5E5 /* PagedResult.swift */ = {isa = PBXFileReference; lastKnownFileType = sourcecode.swift; path = PagedResult.swift; sourceTree = "<group>"; };
		14E069402935F0CF00CBF5E5 /* PlainCarousel+ViewModel.swift */ = {isa = PBXFileReference; lastKnownFileType = sourcecode.swift; path = "PlainCarousel+ViewModel.swift"; sourceTree = "<group>"; };
/* End PBXFileReference section */

/* Begin PBXFrameworksBuildPhase section */
		1406446A292E4C37003346F3 /* Frameworks */ = {
			isa = PBXFrameworksBuildPhase;
			buildActionMask = 2147483647;
			files = (
				1406449C292F127E003346F3 /* TMDb in Frameworks */,
			);
			runOnlyForDeploymentPostprocessing = 0;
		};
		1406447A292E4C3A003346F3 /* Frameworks */ = {
			isa = PBXFrameworksBuildPhase;
			buildActionMask = 2147483647;
			files = (
			);
			runOnlyForDeploymentPostprocessing = 0;
		};
/* End PBXFrameworksBuildPhase section */

/* Begin PBXGroup section */
		14064464292E4C37003346F3 = {
			isa = PBXGroup;
			children = (
				1406446F292E4C37003346F3 /* Movie */,
				14064480292E4C3A003346F3 /* MovieTests */,
				1406446E292E4C37003346F3 /* Products */,
			);
			sourceTree = "<group>";
		};
		1406446E292E4C37003346F3 /* Products */ = {
			isa = PBXGroup;
			children = (
				1406446D292E4C37003346F3 /* Movie.app */,
				1406447D292E4C3A003346F3 /* MovieTests.xctest */,
			);
			name = Products;
			sourceTree = "<group>";
		};
		1406446F292E4C37003346F3 /* Movie */ = {
			isa = PBXGroup;
			children = (
				14064470292E4C37003346F3 /* MovieApp.swift */,
				140644A1292F19E1003346F3 /* Screen */,
				1406449D292F141D003346F3 /* Model */,
				14898B63292F753500018A5E /* ViewsForComposition */,
				14898B72293074C500018A5E /* AppExtensions */,
				14898B5C292F622500018A5E /* Resources */,
				14064474292E4C3A003346F3 /* Assets.xcassets */,
				14064476292E4C3A003346F3 /* Preview Content */,
			);
			path = Movie;
			sourceTree = "<group>";
		};
		14064476292E4C3A003346F3 /* Preview Content */ = {
			isa = PBXGroup;
			children = (
				14064477292E4C3A003346F3 /* Preview Assets.xcassets */,
			);
			path = "Preview Content";
			sourceTree = "<group>";
		};
		14064480292E4C3A003346F3 /* MovieTests */ = {
			isa = PBXGroup;
			children = (
				14064481292E4C3A003346F3 /* MovieTests.swift */,
			);
			path = MovieTests;
			sourceTree = "<group>";
		};
		1406449D292F141D003346F3 /* Model */ = {
			isa = PBXGroup;
			children = (
				14898B702930637F00018A5E /* Media.swift */,
				14E0693E293592FE00CBF5E5 /* PagedResult.swift */,
				141BE6152932F64A000144AC /* HelperTypes */,
				141BE6142932F43A000144AC /* Service */,
				141BE6132932F409000144AC /* Store */,
			);
			path = Model;
			sourceTree = "<group>";
		};
		140644A1292F19E1003346F3 /* Screen */ = {
			isa = PBXGroup;
			children = (
				140644A2292F19E6003346F3 /* MainView */,
				140644B0292F3379003346F3 /* ErrorView */,
				140644AD292F2CFE003346F3 /* MediaDetail */,
				140644A8292F1B22003346F3 /* Favorites */,
				140644A7292F1B10003346F3 /* Discover */,
			);
			path = Screen;
			sourceTree = "<group>";
		};
		140644A2292F19E6003346F3 /* MainView */ = {
			isa = PBXGroup;
			children = (
				140644A3292F19F5003346F3 /* StartingView.swift */,
				140644A5292F1A04003346F3 /* StartingView+ViewModel.swift */,
				141BE60F2932C9AE000144AC /* NavigationStackCoordinator.swift */,
			);
			path = MainView;
			sourceTree = "<group>";
		};
		140644A7292F1B10003346F3 /* Discover */ = {
			isa = PBXGroup;
			children = (
				140644AB292F1BDA003346F3 /* DiscoverView.swift */,
				14898B77293079C600018A5E /* DiscoverSection.swift */,
			);
			path = Discover;
			sourceTree = "<group>";
		};
		140644A8292F1B22003346F3 /* Favorites */ = {
			isa = PBXGroup;
			children = (
				140644A9292F1BCE003346F3 /* FavoritesView.swift */,
				141BE60C29326672000144AC /* FavoriteRow.swift */,
			);
			path = Favorites;
			sourceTree = "<group>";
		};
		140644AD292F2CFE003346F3 /* MediaDetail */ = {
			isa = PBXGroup;
			children = (
				140644AE292F2D12003346F3 /* MediaDetailView.swift */,
				141BE6162933050B000144AC /* MediaDetailView+ViewModel.swift */,
			);
			path = MediaDetail;
			sourceTree = "<group>";
		};
		140644B0292F3379003346F3 /* ErrorView */ = {
			isa = PBXGroup;
			children = (
				140644B1292F338A003346F3 /* ErrorView.swift */,
			);
			path = ErrorView;
			sourceTree = "<group>";
		};
		141BE60E2932C8E0000144AC /* CardCrousel */ = {
			isa = PBXGroup;
			children = (
				14898B66292F756C00018A5E /* CarouselCard.swift */,
				14E069422935F0D800CBF5E5 /* PlainCarouse */,
				14898B64292F755C00018A5E /* HorizontalCarousel.swift */,
			);
			path = CardCrousel;
			sourceTree = "<group>";
		};
		141BE6132932F409000144AC /* Store */ = {
			isa = PBXGroup;
			children = (
				14E0693329358CE900CBF5E5 /* SubMediaStores */,
				14E069242934AA7000CBF5E5 /* ImageStore.swift */,
				1406449E292F143E003346F3 /* MediaStore.swift */,
				141BE60A2930FE60000144AC /* FavoriteMediaStore.swift */,
				14E0693C293592D700CBF5E5 /* MovieCategoryMediaStore.swift */,
			);
			path = Store;
			sourceTree = "<group>";
		};
		141BE6142932F43A000144AC /* Service */ = {
			isa = PBXGroup;
			children = (
				14E0692A2934F80000CBF5E5 /* TMDBModuleServices */,
				14E069282934C3D200CBF5E5 /* ImageFetchingService.swift */,
				14E0693A293591F300CBF5E5 /* MovieServiceProtocol.swift */,
				14E0692F29350D5600CBF5E5 /* FileStorageService.swift */,
			);
			path = Service;
			sourceTree = "<group>";
		};
		141BE6152932F64A000144AC /* HelperTypes */ = {
			isa = PBXGroup;
			children = (
				14898B5A292F5CBC00018A5E /* Localization.swift */,
				14898B6E292F840D00018A5E /* AppFlavor.swift */,
			);
			path = HelperTypes;
			sourceTree = "<group>";
		};
		14898B5C292F622500018A5E /* Resources */ = {
			isa = PBXGroup;
			children = (
				14898B61292F623A00018A5E /* Localizable.strings */,
			);
			path = Resources;
			sourceTree = "<group>";
		};
		14898B63292F753500018A5E /* ViewsForComposition */ = {
			isa = PBXGroup;
			children = (
				141BE60E2932C8E0000144AC /* CardCrousel */,
				141BE6082930FC74000144AC /* OfflineIndicator.swift */,
				14E0692229341E8800CBF5E5 /* CircularIndicator.swift */,
				14E069262934BBCF00CBF5E5 /* ImageSourcedImageView.swift */,
			);
			path = ViewsForComposition;
			sourceTree = "<group>";
		};
		14898B72293074C500018A5E /* AppExtensions */ = {
			isa = PBXGroup;
			children = (
				14898B73293074DC00018A5E /* Sequence+AsycMap.swift */,
				14898B75293078D400018A5E /* URL+Mocks.swift */,
			);
			path = AppExtensions;
			sourceTree = "<group>";
		};
		14E0692A2934F80000CBF5E5 /* TMDBModuleServices */ = {
			isa = PBXGroup;
			children = (
				14E0692D2934F91900CBF5E5 /* TMDBConfiguration.swift */,
				141BE6112932EC2D000144AC /* TMDBImageResolutionService.swift */,
				14E0692B2934F86400CBF5E5 /* TMDBDiscoverMovieDetailService.swift */,
				14E069342935913F00CBF5E5 /* TMDBDiscoverNowPlayingMovieService.swift */,
				14E069362935915D00CBF5E5 /* TMDBDiscoverPopularMovieService.swift */,
				14E06938293591AC00CBF5E5 /* TMDBDMediaAdaptor.swift */,
			);
			path = TMDBModuleServices;
			sourceTree = "<group>";
		};
		14E0693329358CE900CBF5E5 /* SubMediaStores */ = {
			isa = PBXGroup;
			children = (
			);
			path = SubMediaStores;
			sourceTree = "<group>";
		};
		14E069422935F0D800CBF5E5 /* PlainCarouse */ = {
			isa = PBXGroup;
			children = (
				14E069312935704500CBF5E5 /* PlainCarousel.swift */,
				14E069402935F0CF00CBF5E5 /* PlainCarousel+ViewModel.swift */,
			);
			path = PlainCarouse;
			sourceTree = "<group>";
		};
/* End PBXGroup section */

/* Begin PBXNativeTarget section */
		1406446C292E4C37003346F3 /* Movie */ = {
			isa = PBXNativeTarget;
			buildConfigurationList = 14064491292E4C3A003346F3 /* Build configuration list for PBXNativeTarget "Movie" */;
			buildPhases = (
				14064469292E4C37003346F3 /* Sources */,
				1406446A292E4C37003346F3 /* Frameworks */,
				1406446B292E4C37003346F3 /* Resources */,
			);
			buildRules = (
			);
			dependencies = (
			);
			name = Movie;
			packageProductDependencies = (
				1406449B292F127E003346F3 /* TMDb */,
			);
			productName = Movie;
			productReference = 1406446D292E4C37003346F3 /* Movie.app */;
			productType = "com.apple.product-type.application";
		};
		1406447C292E4C3A003346F3 /* MovieTests */ = {
			isa = PBXNativeTarget;
			buildConfigurationList = 14064494292E4C3A003346F3 /* Build configuration list for PBXNativeTarget "MovieTests" */;
			buildPhases = (
				14064479292E4C3A003346F3 /* Sources */,
				1406447A292E4C3A003346F3 /* Frameworks */,
				1406447B292E4C3A003346F3 /* Resources */,
			);
			buildRules = (
			);
			dependencies = (
				1406447F292E4C3A003346F3 /* PBXTargetDependency */,
			);
			name = MovieTests;
			productName = MovieTests;
			productReference = 1406447D292E4C3A003346F3 /* MovieTests.xctest */;
			productType = "com.apple.product-type.bundle.unit-test";
		};
/* End PBXNativeTarget section */

/* Begin PBXProject section */
		14064465292E4C37003346F3 /* Project object */ = {
			isa = PBXProject;
			attributes = {
				BuildIndependentTargetsInParallel = 1;
				LastSwiftUpdateCheck = 1410;
				LastUpgradeCheck = 1410;
				TargetAttributes = {
					1406446C292E4C37003346F3 = {
						CreatedOnToolsVersion = 14.1;
					};
					1406447C292E4C3A003346F3 = {
						CreatedOnToolsVersion = 14.1;
						TestTargetID = 1406446C292E4C37003346F3;
					};
				};
			};
			buildConfigurationList = 14064468292E4C37003346F3 /* Build configuration list for PBXProject "Movie" */;
			compatibilityVersion = "Xcode 14.0";
			developmentRegion = en;
			hasScannedForEncodings = 0;
			knownRegions = (
				en,
				Base,
				nl,
			);
			mainGroup = 14064464292E4C37003346F3;
			packageReferences = (
				1406449A292F127E003346F3 /* XCRemoteSwiftPackageReference "TMDb" */,
			);
			productRefGroup = 1406446E292E4C37003346F3 /* Products */;
			projectDirPath = "";
			projectRoot = "";
			targets = (
				1406446C292E4C37003346F3 /* Movie */,
				1406447C292E4C3A003346F3 /* MovieTests */,
			);
		};
/* End PBXProject section */

/* Begin PBXResourcesBuildPhase section */
		1406446B292E4C37003346F3 /* Resources */ = {
			isa = PBXResourcesBuildPhase;
			buildActionMask = 2147483647;
			files = (
				14064478292E4C3A003346F3 /* Preview Assets.xcassets in Resources */,
				14898B5F292F623A00018A5E /* Localizable.strings in Resources */,
				14064475292E4C3A003346F3 /* Assets.xcassets in Resources */,
			);
			runOnlyForDeploymentPostprocessing = 0;
		};
		1406447B292E4C3A003346F3 /* Resources */ = {
			isa = PBXResourcesBuildPhase;
			buildActionMask = 2147483647;
			files = (
			);
			runOnlyForDeploymentPostprocessing = 0;
		};
/* End PBXResourcesBuildPhase section */

/* Begin PBXSourcesBuildPhase section */
		14064469292E4C37003346F3 /* Sources */ = {
			isa = PBXSourcesBuildPhase;
			buildActionMask = 2147483647;
			files = (
				14E0693D293592D700CBF5E5 /* MovieCategoryMediaStore.swift in Sources */,
				140644A4292F19F5003346F3 /* StartingView.swift in Sources */,
				14898B67292F756C00018A5E /* CarouselCard.swift in Sources */,
				14E06939293591AC00CBF5E5 /* TMDBDMediaAdaptor.swift in Sources */,
				140644A6292F1A04003346F3 /* StartingView+ViewModel.swift in Sources */,
				14898B65292F755C00018A5E /* HorizontalCarousel.swift in Sources */,
				14E0692329341E8800CBF5E5 /* CircularIndicator.swift in Sources */,
				14E069412935F0CF00CBF5E5 /* PlainCarousel+ViewModel.swift in Sources */,
				14E069292934C3D200CBF5E5 /* ImageFetchingService.swift in Sources */,
				14E0693F293592FE00CBF5E5 /* PagedResult.swift in Sources */,
				141BE60D29326672000144AC /* FavoriteRow.swift in Sources */,
				14E0692C2934F86400CBF5E5 /* TMDBDiscoverMovieDetailService.swift in Sources */,
				14898B74293074DC00018A5E /* Sequence+AsycMap.swift in Sources */,
				141BE6172933050B000144AC /* MediaDetailView+ViewModel.swift in Sources */,
				14E069352935913F00CBF5E5 /* TMDBDiscoverNowPlayingMovieService.swift in Sources */,
				140644AA292F1BCE003346F3 /* FavoritesView.swift in Sources */,
				14898B6F292F840D00018A5E /* AppFlavor.swift in Sources */,
				141BE6092930FC74000144AC /* OfflineIndicator.swift in Sources */,
				14E0693029350D5600CBF5E5 /* FileStorageService.swift in Sources */,
				14E0693B293591F300CBF5E5 /* MovieServiceProtocol.swift in Sources */,
				14898B712930637F00018A5E /* Media.swift in Sources */,
				141BE60B2930FE60000144AC /* FavoriteMediaStore.swift in Sources */,
				14E069252934AA7000CBF5E5 /* ImageStore.swift in Sources */,
				14898B5B292F5CBC00018A5E /* Localization.swift in Sources */,
				14898B78293079C600018A5E /* DiscoverSection.swift in Sources */,
				140644AC292F1BDA003346F3 /* DiscoverView.swift in Sources */,
				14E069272934BBCF00CBF5E5 /* ImageSourcedImageView.swift in Sources */,
				14064471292E4C37003346F3 /* MovieApp.swift in Sources */,
				14898B76293078D400018A5E /* URL+Mocks.swift in Sources */,
				140644AF292F2D12003346F3 /* MediaDetailView.swift in Sources */,
				140644B2292F338A003346F3 /* ErrorView.swift in Sources */,
				14E069372935915D00CBF5E5 /* TMDBDiscoverPopularMovieService.swift in Sources */,
				141BE6122932EC2D000144AC /* TMDBImageResolutionService.swift in Sources */,
				14E069322935704500CBF5E5 /* PlainCarousel.swift in Sources */,
				14E0692E2934F91900CBF5E5 /* TMDBConfiguration.swift in Sources */,
				141BE6102932C9AE000144AC /* NavigationStackCoordinator.swift in Sources */,
				1406449F292F143E003346F3 /* MediaStore.swift in Sources */,
			);
			runOnlyForDeploymentPostprocessing = 0;
		};
		14064479292E4C3A003346F3 /* Sources */ = {
			isa = PBXSourcesBuildPhase;
			buildActionMask = 2147483647;
			files = (
				14064482292E4C3A003346F3 /* MovieTests.swift in Sources */,
			);
			runOnlyForDeploymentPostprocessing = 0;
		};
/* End PBXSourcesBuildPhase section */

/* Begin PBXTargetDependency section */
		1406447F292E4C3A003346F3 /* PBXTargetDependency */ = {
			isa = PBXTargetDependency;
			target = 1406446C292E4C37003346F3 /* Movie */;
			targetProxy = 1406447E292E4C3A003346F3 /* PBXContainerItemProxy */;
		};
/* End PBXTargetDependency section */

/* Begin PBXVariantGroup section */
		14898B61292F623A00018A5E /* Localizable.strings */ = {
			isa = PBXVariantGroup;
			children = (
				14898B60292F623A00018A5E /* en */,
				14898B62292F624800018A5E /* nl */,
			);
			name = Localizable.strings;
			sourceTree = "<group>";
		};
/* End PBXVariantGroup section */

/* Begin XCBuildConfiguration section */
		1406448F292E4C3A003346F3 /* Debug */ = {
			isa = XCBuildConfiguration;
			buildSettings = {
				ALWAYS_SEARCH_USER_PATHS = NO;
				CLANG_ANALYZER_LOCALIZABILITY_NONLOCALIZED = YES;
				CLANG_ANALYZER_NONNULL = YES;
				CLANG_ANALYZER_NUMBER_OBJECT_CONVERSION = YES_AGGRESSIVE;
				CLANG_CXX_LANGUAGE_STANDARD = "gnu++20";
				CLANG_ENABLE_MODULES = YES;
				CLANG_ENABLE_OBJC_ARC = YES;
				CLANG_ENABLE_OBJC_WEAK = YES;
				CLANG_WARN_BLOCK_CAPTURE_AUTORELEASING = YES;
				CLANG_WARN_BOOL_CONVERSION = YES;
				CLANG_WARN_COMMA = YES;
				CLANG_WARN_CONSTANT_CONVERSION = YES;
				CLANG_WARN_DEPRECATED_OBJC_IMPLEMENTATIONS = YES;
				CLANG_WARN_DIRECT_OBJC_ISA_USAGE = YES_ERROR;
				CLANG_WARN_DOCUMENTATION_COMMENTS = YES;
				CLANG_WARN_EMPTY_BODY = YES;
				CLANG_WARN_ENUM_CONVERSION = YES;
				CLANG_WARN_INFINITE_RECURSION = YES;
				CLANG_WARN_INT_CONVERSION = YES;
				CLANG_WARN_NON_LITERAL_NULL_CONVERSION = YES;
				CLANG_WARN_OBJC_IMPLICIT_RETAIN_SELF = YES;
				CLANG_WARN_OBJC_LITERAL_CONVERSION = YES;
				CLANG_WARN_OBJC_ROOT_CLASS = YES_ERROR;
				CLANG_WARN_QUOTED_INCLUDE_IN_FRAMEWORK_HEADER = YES;
				CLANG_WARN_RANGE_LOOP_ANALYSIS = YES;
				CLANG_WARN_STRICT_PROTOTYPES = YES;
				CLANG_WARN_SUSPICIOUS_MOVE = YES;
				CLANG_WARN_UNGUARDED_AVAILABILITY = YES_AGGRESSIVE;
				CLANG_WARN_UNREACHABLE_CODE = YES;
				CLANG_WARN__DUPLICATE_METHOD_MATCH = YES;
				COPY_PHASE_STRIP = NO;
				DEBUG_INFORMATION_FORMAT = dwarf;
				ENABLE_STRICT_OBJC_MSGSEND = YES;
				ENABLE_TESTABILITY = YES;
				GCC_C_LANGUAGE_STANDARD = gnu11;
				GCC_DYNAMIC_NO_PIC = NO;
				GCC_NO_COMMON_BLOCKS = YES;
				GCC_OPTIMIZATION_LEVEL = 0;
				GCC_PREPROCESSOR_DEFINITIONS = (
					"DEBUG=1",
					"$(inherited)",
				);
				GCC_WARN_64_TO_32_BIT_CONVERSION = YES;
				GCC_WARN_ABOUT_RETURN_TYPE = YES_ERROR;
				GCC_WARN_UNDECLARED_SELECTOR = YES;
				GCC_WARN_UNINITIALIZED_AUTOS = YES_AGGRESSIVE;
				GCC_WARN_UNUSED_FUNCTION = YES;
				GCC_WARN_UNUSED_VARIABLE = YES;
				IPHONEOS_DEPLOYMENT_TARGET = 16.1;
				MTL_ENABLE_DEBUG_INFO = INCLUDE_SOURCE;
				MTL_FAST_MATH = YES;
				ONLY_ACTIVE_ARCH = YES;
				SDKROOT = iphoneos;
				SWIFT_ACTIVE_COMPILATION_CONDITIONS = DEBUG;
				SWIFT_OPTIMIZATION_LEVEL = "-Onone";
			};
			name = Debug;
		};
		14064490292E4C3A003346F3 /* Release */ = {
			isa = XCBuildConfiguration;
			buildSettings = {
				ALWAYS_SEARCH_USER_PATHS = NO;
				CLANG_ANALYZER_LOCALIZABILITY_NONLOCALIZED = YES;
				CLANG_ANALYZER_NONNULL = YES;
				CLANG_ANALYZER_NUMBER_OBJECT_CONVERSION = YES_AGGRESSIVE;
				CLANG_CXX_LANGUAGE_STANDARD = "gnu++20";
				CLANG_ENABLE_MODULES = YES;
				CLANG_ENABLE_OBJC_ARC = YES;
				CLANG_ENABLE_OBJC_WEAK = YES;
				CLANG_WARN_BLOCK_CAPTURE_AUTORELEASING = YES;
				CLANG_WARN_BOOL_CONVERSION = YES;
				CLANG_WARN_COMMA = YES;
				CLANG_WARN_CONSTANT_CONVERSION = YES;
				CLANG_WARN_DEPRECATED_OBJC_IMPLEMENTATIONS = YES;
				CLANG_WARN_DIRECT_OBJC_ISA_USAGE = YES_ERROR;
				CLANG_WARN_DOCUMENTATION_COMMENTS = YES;
				CLANG_WARN_EMPTY_BODY = YES;
				CLANG_WARN_ENUM_CONVERSION = YES;
				CLANG_WARN_INFINITE_RECURSION = YES;
				CLANG_WARN_INT_CONVERSION = YES;
				CLANG_WARN_NON_LITERAL_NULL_CONVERSION = YES;
				CLANG_WARN_OBJC_IMPLICIT_RETAIN_SELF = YES;
				CLANG_WARN_OBJC_LITERAL_CONVERSION = YES;
				CLANG_WARN_OBJC_ROOT_CLASS = YES_ERROR;
				CLANG_WARN_QUOTED_INCLUDE_IN_FRAMEWORK_HEADER = YES;
				CLANG_WARN_RANGE_LOOP_ANALYSIS = YES;
				CLANG_WARN_STRICT_PROTOTYPES = YES;
				CLANG_WARN_SUSPICIOUS_MOVE = YES;
				CLANG_WARN_UNGUARDED_AVAILABILITY = YES_AGGRESSIVE;
				CLANG_WARN_UNREACHABLE_CODE = YES;
				CLANG_WARN__DUPLICATE_METHOD_MATCH = YES;
				COPY_PHASE_STRIP = NO;
				DEBUG_INFORMATION_FORMAT = "dwarf-with-dsym";
				ENABLE_NS_ASSERTIONS = NO;
				ENABLE_STRICT_OBJC_MSGSEND = YES;
				GCC_C_LANGUAGE_STANDARD = gnu11;
				GCC_NO_COMMON_BLOCKS = YES;
				GCC_WARN_64_TO_32_BIT_CONVERSION = YES;
				GCC_WARN_ABOUT_RETURN_TYPE = YES_ERROR;
				GCC_WARN_UNDECLARED_SELECTOR = YES;
				GCC_WARN_UNINITIALIZED_AUTOS = YES_AGGRESSIVE;
				GCC_WARN_UNUSED_FUNCTION = YES;
				GCC_WARN_UNUSED_VARIABLE = YES;
				IPHONEOS_DEPLOYMENT_TARGET = 16.1;
				MTL_ENABLE_DEBUG_INFO = NO;
				MTL_FAST_MATH = YES;
				SDKROOT = iphoneos;
				SWIFT_COMPILATION_MODE = wholemodule;
				SWIFT_OPTIMIZATION_LEVEL = "-O";
				VALIDATE_PRODUCT = YES;
			};
			name = Release;
		};
		14064492292E4C3A003346F3 /* Debug */ = {
			isa = XCBuildConfiguration;
			buildSettings = {
				ASSETCATALOG_COMPILER_APPICON_NAME = AppIcon;
				ASSETCATALOG_COMPILER_GLOBAL_ACCENT_COLOR_NAME = AccentColor;
				CODE_SIGN_STYLE = Automatic;
				CURRENT_PROJECT_VERSION = 1;
				DEVELOPMENT_ASSET_PATHS = "\"Movie/Preview Content\"";
				ENABLE_PREVIEWS = YES;
				GENERATE_INFOPLIST_FILE = YES;
				INFOPLIST_KEY_UIApplicationSceneManifest_Generation = YES;
				INFOPLIST_KEY_UIApplicationSupportsIndirectInputEvents = YES;
				INFOPLIST_KEY_UILaunchScreen_Generation = YES;
				INFOPLIST_KEY_UISupportedInterfaceOrientations = UIInterfaceOrientationPortrait;
				INFOPLIST_KEY_UISupportedInterfaceOrientations_iPad = "UIInterfaceOrientationLandscapeLeft UIInterfaceOrientationLandscapeRight UIInterfaceOrientationPortrait UIInterfaceOrientationPortraitUpsideDown";
				LD_RUNPATH_SEARCH_PATHS = (
					"$(inherited)",
					"@executable_path/Frameworks",
				);
				MARKETING_VERSION = 1.0;
				PRODUCT_BUNDLE_IDENTIFIER = robert.Movie;
				PRODUCT_NAME = "$(TARGET_NAME)";
				SWIFT_EMIT_LOC_STRINGS = YES;
				SWIFT_VERSION = 5.0;
				TARGETED_DEVICE_FAMILY = "1,2";
			};
			name = Debug;
		};
		14064493292E4C3A003346F3 /* Release */ = {
			isa = XCBuildConfiguration;
			buildSettings = {
				ASSETCATALOG_COMPILER_APPICON_NAME = AppIcon;
				ASSETCATALOG_COMPILER_GLOBAL_ACCENT_COLOR_NAME = AccentColor;
				CODE_SIGN_STYLE = Automatic;
				CURRENT_PROJECT_VERSION = 1;
				DEVELOPMENT_ASSET_PATHS = "\"Movie/Preview Content\"";
				ENABLE_PREVIEWS = YES;
				GENERATE_INFOPLIST_FILE = YES;
				INFOPLIST_KEY_UIApplicationSceneManifest_Generation = YES;
				INFOPLIST_KEY_UIApplicationSupportsIndirectInputEvents = YES;
				INFOPLIST_KEY_UILaunchScreen_Generation = YES;
				INFOPLIST_KEY_UISupportedInterfaceOrientations = UIInterfaceOrientationPortrait;
				INFOPLIST_KEY_UISupportedInterfaceOrientations_iPad = "UIInterfaceOrientationLandscapeLeft UIInterfaceOrientationLandscapeRight UIInterfaceOrientationPortrait UIInterfaceOrientationPortraitUpsideDown";
				LD_RUNPATH_SEARCH_PATHS = (
					"$(inherited)",
					"@executable_path/Frameworks",
				);
				MARKETING_VERSION = 1.0;
				PRODUCT_BUNDLE_IDENTIFIER = robert.Movie;
				PRODUCT_NAME = "$(TARGET_NAME)";
				SWIFT_EMIT_LOC_STRINGS = YES;
				SWIFT_VERSION = 5.0;
				TARGETED_DEVICE_FAMILY = "1,2";
			};
			name = Release;
		};
		14064495292E4C3A003346F3 /* Debug */ = {
			isa = XCBuildConfiguration;
			buildSettings = {
				ALWAYS_EMBED_SWIFT_STANDARD_LIBRARIES = YES;
				BUNDLE_LOADER = "$(TEST_HOST)";
				CODE_SIGN_STYLE = Automatic;
				CURRENT_PROJECT_VERSION = 1;
				GENERATE_INFOPLIST_FILE = YES;
				IPHONEOS_DEPLOYMENT_TARGET = 16.1;
				MARKETING_VERSION = 1.0;
				PRODUCT_BUNDLE_IDENTIFIER = robert.MovieTests;
				PRODUCT_NAME = "$(TARGET_NAME)";
				SWIFT_EMIT_LOC_STRINGS = NO;
				SWIFT_VERSION = 5.0;
				TARGETED_DEVICE_FAMILY = "1,2";
				TEST_HOST = "$(BUILT_PRODUCTS_DIR)/Movie.app/$(BUNDLE_EXECUTABLE_FOLDER_PATH)/Movie";
			};
			name = Debug;
		};
		14064496292E4C3A003346F3 /* Release */ = {
			isa = XCBuildConfiguration;
			buildSettings = {
				ALWAYS_EMBED_SWIFT_STANDARD_LIBRARIES = YES;
				BUNDLE_LOADER = "$(TEST_HOST)";
				CODE_SIGN_STYLE = Automatic;
				CURRENT_PROJECT_VERSION = 1;
				GENERATE_INFOPLIST_FILE = YES;
				IPHONEOS_DEPLOYMENT_TARGET = 16.1;
				MARKETING_VERSION = 1.0;
				PRODUCT_BUNDLE_IDENTIFIER = robert.MovieTests;
				PRODUCT_NAME = "$(TARGET_NAME)";
				SWIFT_EMIT_LOC_STRINGS = NO;
				SWIFT_VERSION = 5.0;
				TARGETED_DEVICE_FAMILY = "1,2";
				TEST_HOST = "$(BUILT_PRODUCTS_DIR)/Movie.app/$(BUNDLE_EXECUTABLE_FOLDER_PATH)/Movie";
			};
			name = Release;
		};
/* End XCBuildConfiguration section */

/* Begin XCConfigurationList section */
		14064468292E4C37003346F3 /* Build configuration list for PBXProject "Movie" */ = {
			isa = XCConfigurationList;
			buildConfigurations = (
				1406448F292E4C3A003346F3 /* Debug */,
				14064490292E4C3A003346F3 /* Release */,
			);
			defaultConfigurationIsVisible = 0;
			defaultConfigurationName = Release;
		};
		14064491292E4C3A003346F3 /* Build configuration list for PBXNativeTarget "Movie" */ = {
			isa = XCConfigurationList;
			buildConfigurations = (
				14064492292E4C3A003346F3 /* Debug */,
				14064493292E4C3A003346F3 /* Release */,
			);
			defaultConfigurationIsVisible = 0;
			defaultConfigurationName = Release;
		};
		14064494292E4C3A003346F3 /* Build configuration list for PBXNativeTarget "MovieTests" */ = {
			isa = XCConfigurationList;
			buildConfigurations = (
				14064495292E4C3A003346F3 /* Debug */,
				14064496292E4C3A003346F3 /* Release */,
			);
			defaultConfigurationIsVisible = 0;
			defaultConfigurationName = Release;
		};
/* End XCConfigurationList section */

/* Begin XCRemoteSwiftPackageReference section */
		1406449A292F127E003346F3 /* XCRemoteSwiftPackageReference "TMDb" */ = {
			isa = XCRemoteSwiftPackageReference;
			repositoryURL = "https://github.com/adamayoung/TMDb";
			requirement = {
				kind = upToNextMajorVersion;
				minimumVersion = 8.0.0;
			};
		};
/* End XCRemoteSwiftPackageReference section */

/* Begin XCSwiftPackageProductDependency section */
		1406449B292F127E003346F3 /* TMDb */ = {
			isa = XCSwiftPackageProductDependency;
			package = 1406449A292F127E003346F3 /* XCRemoteSwiftPackageReference "TMDb" */;
			productName = TMDb;
		};
/* End XCSwiftPackageProductDependency section */
	};
	rootObject = 14064465292E4C37003346F3 /* Project object */;
}
